
Microsoft Visual Studio Solution File, Format Version 12.00
# Visual Studio Version 17
VisualStudioVersion = 17.13.36105.23
MinimumVisualStudioVersion = 10.0.40219.1
Project("{FAE04EC0-301F-11D3-BF4B-00C04F79EFBC}") = "Todo", "todo\Todo.csproj", "{A9810B42-3A82-4EFD-8EA8-CDE05B3AD6CB}"
EndProject
Global
	GlobalSection(SolutionConfigurationPlatforms) = preSolution
		Debug|Any CPU = Debug|Any CPU
		Release|Any CPU = Release|Any CPU
	EndGlobalSection
	GlobalSection(ProjectConfigurationPlatforms) = postSolution
		{A9810B42-3A82-4EFD-8EA8-CDE05B3AD6CB}.Debug|Any CPU.ActiveCfg = Debug|Any CPU
		{A9810B42-3A82-4EFD-8EA8-CDE05B3AD6CB}.Debug|Any CPU.Build.0 = Debug|Any CPU
		{A9810B42-3A82-4EFD-8EA8-CDE05B3AD6CB}.Release|Any CPU.ActiveCfg = Release|Any CPU
		{A9810B42-3A82-4EFD-8EA8-CDE05B3AD6CB}.Release|Any CPU.Build.0 = Release|Any CPU
	EndGlobalSection
	GlobalSection(SolutionProperties) = preSolution
		HideSolutionNode = FALSE
	EndGlobalSection
	GlobalSection(ExtensibilityGlobals) = postSolution
		SolutionGuid = {E0EC2CA9-8CA7-4C50-BE48-5DF1E61E03F9}
	EndGlobalSection
EndGlobal
